
Microsoft Visual Studio Solution File, Format Version 12.00
# Visual Studio Version 16
VisualStudioVersion = 16.0.29911.84
MinimumVisualStudioVersion = 10.0.40219.1
Project("{FAE04EC0-301F-11D3-BF4B-00C04F79EFBC}") = "Lesson22-threads", "Lesson22-threads\Lesson22-threads.csproj", "{5F9004A3-1C3C-4ADC-B3DC-8864812E02DC}"
EndProject
Global
	GlobalSection(SolutionConfigurationPlatforms) = preSolution
		Debug|Any CPU = Debug|Any CPU
		Release|Any CPU = Release|Any CPU
	EndGlobalSection
	GlobalSection(ProjectConfigurationPlatforms) = postSolution
		{5F9004A3-1C3C-4ADC-B3DC-8864812E02DC}.Debug|Any CPU.ActiveCfg = Debug|Any CPU
		{5F9004A3-1C3C-4ADC-B3DC-8864812E02DC}.Debug|Any CPU.Build.0 = Debug|Any CPU
		{5F9004A3-1C3C-4ADC-B3DC-8864812E02DC}.Release|Any CPU.ActiveCfg = Release|Any CPU
		{5F9004A3-1C3C-4ADC-B3DC-8864812E02DC}.Release|Any CPU.Build.0 = Release|Any CPU
	EndGlobalSection
	GlobalSection(SolutionProperties) = preSolution
		HideSolutionNode = FALSE
	EndGlobalSection
	GlobalSection(ExtensibilityGlobals) = postSolution
		SolutionGuid = {5F7EFAE1-0F16-4FAB-88A3-3D84EBE5D4AF}
	EndGlobalSection
EndGlobal
